Microsoft Visual Studio Solution File, Format Version 12.00
# Visual Studio Version 17
VisualStudioVersion = 17.5.2.0
MinimumVisualStudioVersion = 10.0.40219.1
Project("{FAE04EC0-301F-11D3-BF4B-00C04F79EFBC}") = "FourSight", "FourSight.csproj", "{D23A7E2E-4A98-6263-C2DD-36F83D443990}"
EndProject
Global
	GlobalSection(SolutionConfigurationPlatforms) = preSolution
		Debug|Any CPU = Debug|Any CPU
		Release|Any CPU = Release|Any CPU
	EndGlobalSection
	GlobalSection(ProjectConfigurationPlatforms) = postSolution
		{D23A7E2E-4A98-6263-C2DD-36F83D443990}.Debug|Any CPU.ActiveCfg = Debug|Any CPU
		{D23A7E2E-4A98-6263-C2DD-36F83D443990}.Debug|Any CPU.Build.0 = Debug|Any CPU
		{D23A7E2E-4A98-6263-C2DD-36F83D443990}.Release|Any CPU.ActiveCfg = Release|Any CPU
		{D23A7E2E-4A98-6263-C2DD-36F83D443990}.Release|Any CPU.Build.0 = Release|Any CPU
	EndGlobalSection
	GlobalSection(SolutionProperties) = preSolution
		HideSolutionNode = FALSE
	EndGlobalSection
	GlobalSection(ExtensibilityGlobals) = postSolution
		SolutionGuid = {2357F36C-A47D-445C-932A-F0E7AE474AD9}
	EndGlobalSection
EndGlobal
